
Microsoft Visual Studio Solution File, Format Version 12.00
# Visual Studio Version 17
VisualStudioVersion = 17.4.33213.308
MinimumVisualStudioVersion = 10.0.40219.1
Project("{9A19103F-16F7-4668-BE54-9A1E7A4F7556}") = "SSquaredApplication", "SSquaredApplication.csproj", "{FAC78019-3EB3-403E-862E-49C465CD5D75}"
EndProject
Project("{2150E333-8FDC-42A3-9474-1A3956D46DE8}") = "tests", "tests", "{EB280CE4-5981-4DF4-8254-597F6528A65D}"
	ProjectSection(SolutionItems) = preProject
		Tests\SSquaredApplicationTests\SSquaredApplicationTests.csproj = Tests\SSquaredApplicationTests\SSquaredApplicationTests.csproj
	EndProjectSection
EndProject
Project("{9A19103F-16F7-4668-BE54-9A1E7A4F7556}") = "SSquaredApplicationTests", "Tests\SSquaredApplicationTests\SSquaredApplicationTests.csproj", "{A4494BBD-DDF1-469E-995B-23B26EA5D45F}"
EndProject
Global
	GlobalSection(SolutionConfigurationPlatforms) = preSolution
		Debug|Any CPU = Debug|Any CPU
		Release|Any CPU = Release|Any CPU
	EndGlobalSection
	GlobalSection(ProjectConfigurationPlatforms) = postSolution
		{FAC78019-3EB3-403E-862E-49C465CD5D75}.Debug|Any CPU.ActiveCfg = Debug|Any CPU
		{FAC78019-3EB3-403E-862E-49C465CD5D75}.Debug|Any CPU.Build.0 = Debug|Any CPU
		{FAC78019-3EB3-403E-862E-49C465CD5D75}.Release|Any CPU.ActiveCfg = Release|Any CPU
		{FAC78019-3EB3-403E-862E-49C465CD5D75}.Release|Any CPU.Build.0 = Release|Any CPU
		{A4494BBD-DDF1-469E-995B-23B26EA5D45F}.Debug|Any CPU.ActiveCfg = Debug|Any CPU
		{A4494BBD-DDF1-469E-995B-23B26EA5D45F}.Debug|Any CPU.Build.0 = Debug|Any CPU
		{A4494BBD-DDF1-469E-995B-23B26EA5D45F}.Release|Any CPU.ActiveCfg = Release|Any CPU
		{A4494BBD-DDF1-469E-995B-23B26EA5D45F}.Release|Any CPU.Build.0 = Release|Any CPU
	EndGlobalSection
	GlobalSection(SolutionProperties) = preSolution
		HideSolutionNode = FALSE
	EndGlobalSection
	GlobalSection(NestedProjects) = preSolution
		{A4494BBD-DDF1-469E-995B-23B26EA5D45F} = {EB280CE4-5981-4DF4-8254-597F6528A65D}
	EndGlobalSection
	GlobalSection(ExtensibilityGlobals) = postSolution
		SolutionGuid = {B2D20BB5-06D4-4C48-8629-4B4A70FA909F}
	EndGlobalSection
EndGlobal
